
Microsoft Visual Studio Solution File, Format Version 12.00
# Visual Studio 2012
Project("{FAE04EC0-301F-11D3-BF4B-00C04F79EFBC}") = "Summit2015", "Summit2015\Summit2015.csproj", "{28490404-8841-4EBE-BC9E-C88E35076C9B}"
EndProject
Project("{FAE04EC0-301F-11D3-BF4B-00C04F79EFBC}") = "Summit2015.Tests", "Summit2015.Tests\Summit2015.Tests.csproj", "{D88ECEA5-B35A-4E67-930B-061782AF41A2}"
EndProject
Global
	GlobalSection(SolutionConfigurationPlatforms) = preSolution
		Debug|Any CPU = Debug|Any CPU
		Release|Any CPU = Release|Any CPU
	EndGlobalSection
	GlobalSection(ProjectConfigurationPlatforms) = postSolution
		{28490404-8841-4EBE-BC9E-C88E35076C9B}.Debug|Any CPU.ActiveCfg = Debug|Any CPU
		{28490404-8841-4EBE-BC9E-C88E35076C9B}.Debug|Any CPU.Build.0 = Debug|Any CPU
		{28490404-8841-4EBE-BC9E-C88E35076C9B}.Release|Any CPU.ActiveCfg = Release|Any CPU
		{28490404-8841-4EBE-BC9E-C88E35076C9B}.Release|Any CPU.Build.0 = Release|Any CPU
		{D88ECEA5-B35A-4E67-930B-061782AF41A2}.Debug|Any CPU.ActiveCfg = Debug|Any CPU
		{D88ECEA5-B35A-4E67-930B-061782AF41A2}.Debug|Any CPU.Build.0 = Debug|Any CPU
		{D88ECEA5-B35A-4E67-930B-061782AF41A2}.Release|Any CPU.ActiveCfg = Release|Any CPU
		{D88ECEA5-B35A-4E67-930B-061782AF41A2}.Release|Any CPU.Build.0 = Release|Any CPU
	EndGlobalSection
	GlobalSection(SolutionProperties) = preSolution
		HideSolutionNode = FALSE
	EndGlobalSection
EndGlobal
